
Microsoft Visual Studio Solution File, Format Version 12.00
# Visual Studio Version 17
VisualStudioVersion = 17.11.35312.102
MinimumVisualStudioVersion = 10.0.40219.1
Project("{FAE04EC0-301F-11D3-BF4B-00C04F79EFBC}") = "HospitalManagement", "HospitalManagement\HospitalManagement.csproj", "{04BE25DD-9982-481B-B7A5-348F537F8515}"
EndProject
Project("{FAE04EC0-301F-11D3-BF4B-00C04F79EFBC}") = "DAL", "DAL\DAL.csproj", "{9BF0F2A2-CCAD-4032-867A-3F991CA1EEE8}"
EndProject
Project("{FAE04EC0-301F-11D3-BF4B-00C04F79EFBC}") = "BLL", "BLL\BLL.csproj", "{091F9FAD-89AD-4511-831C-2C707ABDE02D}"
EndProject
Global
	GlobalSection(SolutionConfigurationPlatforms) = preSolution
		Debug|Any CPU = Debug|Any CPU
		Release|Any CPU = Release|Any CPU
	EndGlobalSection
	GlobalSection(ProjectConfigurationPlatforms) = postSolution
		{04BE25DD-9982-481B-B7A5-348F537F8515}.Debug|Any CPU.ActiveCfg = Debug|Any CPU
		{04BE25DD-9982-481B-B7A5-348F537F8515}.Debug|Any CPU.Build.0 = Debug|Any CPU
		{04BE25DD-9982-481B-B7A5-348F537F8515}.Release|Any CPU.ActiveCfg = Release|Any CPU
		{04BE25DD-9982-481B-B7A5-348F537F8515}.Release|Any CPU.Build.0 = Release|Any CPU
		{9BF0F2A2-CCAD-4032-867A-3F991CA1EEE8}.Debug|Any CPU.ActiveCfg = Debug|Any CPU
		{9BF0F2A2-CCAD-4032-867A-3F991CA1EEE8}.Debug|Any CPU.Build.0 = Debug|Any CPU
		{9BF0F2A2-CCAD-4032-867A-3F991CA1EEE8}.Release|Any CPU.ActiveCfg = Release|Any CPU
		{9BF0F2A2-CCAD-4032-867A-3F991CA1EEE8}.Release|Any CPU.Build.0 = Release|Any CPU
		{091F9FAD-89AD-4511-831C-2C707ABDE02D}.Debug|Any CPU.ActiveCfg = Debug|Any CPU
		{091F9FAD-89AD-4511-831C-2C707ABDE02D}.Debug|Any CPU.Build.0 = Debug|Any CPU
		{091F9FAD-89AD-4511-831C-2C707ABDE02D}.Release|Any CPU.ActiveCfg = Release|Any CPU
		{091F9FAD-89AD-4511-831C-2C707ABDE02D}.Release|Any CPU.Build.0 = Release|Any CPU
	EndGlobalSection
	GlobalSection(SolutionProperties) = preSolution
		HideSolutionNode = FALSE
	EndGlobalSection
	GlobalSection(ExtensibilityGlobals) = postSolution
		SolutionGuid = {8E3A1FAC-4830-4C34-9E4B-324C8A5C9F4E}
	EndGlobalSection
EndGlobal
